{
  "version": 4,
  "terraform_version": "1.16.2",
  "serial": 20,
  "lineage": "c3de6268-d59e-aa4d-8d24-949f295b7287",
  "outputs": {
    "dns_auth_record_data": {
      "value": "22bfc6ff-e692-485a-ae78-f39c4e72593f.8.authorize.certificatemanager.goog.",
      "type": "string"
    },
    "dns_auth_record_name": {
      "value": "_acme-challenge.prototype.answer-x.ai.",
      "type": "string"
    },
    "dns_auth_record_type": {
      "value": "CNAME",
      "type": "string"
    },
    "global_ip": {
      "value": "136.68.7.20",
      "type": "string"
    }
  },
  "resources": [
    {
      "mode": "managed",
      "type": "google_certificate_manager_certificate",
      "name": "cloud_lab_cert",
      "provider": "provider[\"registry.terraform.io/hashicorp/google\"]",
      "instances": [
        {
          "schema_version": 1,
          "attributes": {
            "deletion_policy": "DELETE",
            "description": "",
            "effective_labels": {
              "goog-terraform-provisioned": "true"
            },
            "id": "projects/proud-armor-508215-q4/locations/global/certificates/cloud-lab-cert",
            "labels": {},
            "location": "global",
            "managed": [
              {
                "authorization_attempt_info": [
                  {
                    "details": "",
                    "domain": "prototype.answer-x.ai",
                    "failure_reason": "",
                    "state": "AUTHORIZED"
                  }
                ],
                "dns_authorizations": [
                  "projects/156869567544/locations/global/dnsAuthorizations/cloud-lab-domain-auth"
                ],
                "domains": [
                  "prototype.answer-x.ai"
                ],
                "issuance_config": "",
                "provisioning_issue": [],
                "state": "ACTIVE"
              }
            ],
            "name": "cloud-lab-cert",
            "project": "proud-armor-508215-q4",
            "san_dnsnames": [
              "prototype.answer-x.ai"
            ],
            "scope": "",
            "self_managed": [],
            "terraform_labels": {
              "goog-terraform-provisioned": "true"
            },
            "timeouts": null
          },
          "sensitive_attributes": [],
          "identity_schema_version": 1,
          "identity": {
            "location": "global",
            "name": "cloud-lab-cert",
            "project": "proud-armor-508215-q4"
          },
          "private": "eyJlMmJmYjczMC1lY2FhLTExZTYtOGY4OC0zNDM2M2JjN2M0YzAiOnsiY3JlYXRlIjoxMjAwMDAwMDAwMDAwLCJkZWxldGUiOjEyMDAwMDAwMDAwMDAsInVwZGF0ZSI6MTIwMDAwMDAwMDAwMH0sInNjaGVtYV92ZXJzaW9uIjoiMSJ9",
          "dependencies": [
            "google_certificate_manager_dns_authorization.domain_auth"
          ]
        }
      ]
    },
    {
      "mode": "managed",
      "type": "google_certificate_manager_certificate_map",
      "name": "cloud_lab_cert_map",
      "provider": "provider[\"registry.terraform.io/hashicorp/google\"]",
      "instances": [
        {
          "schema_version": 0,
          "attributes": {
            "create_time": "2026-09-15T01:49:51.991756274Z",
            "deletion_policy": "DELETE",
            "description": "",
            "effective_labels": {
              "goog-terraform-provisioned": "true"
            },
            "gclb_targets": [],
            "id": "projects/proud-armor-508215-q4/locations/global/certificateMaps/cloud-lab-cert-map",
            "labels": {},
            "name": "cloud-lab-cert-map",
            "project": "proud-armor-508215-q4",
            "terraform_labels": {
              "goog-terraform-provisioned": "true"
            },
            "timeouts": null,
            "update_time": "2026-09-15T01:49:52.713837902Z"
          },
          "sensitive_attributes": [],
          "identity_schema_version": 1,
          "identity": {
            "name": "cloud-lab-cert-map",
            "project": "proud-armor-508215-q4"
          },
          "private": "eyJlMmJmYjczMC1lY2FhLTExZTYtOGY4OC0zNDM2M2JjN2M0YzAiOnsiY3JlYXRlIjoxMjAwMDAwMDAwMDAwLCJkZWxldGUiOjEyMDAwMDAwMDAwMDAsInVwZGF0ZSI6MTIwMDAwMDAwMDAwMH19"
        }
      ]
    },
    {
      "mode": "managed",
      "type": "google_certificate_manager_certificate_map_entry",
      "name": "cloud_lab_cert_entry",
      "provider": "provider[\"registry.terraform.io/hashicorp/google\"]",
      "instances": [
        {
          "schema_version": 0,
          "attributes": {
            "certificates": [
              "projects/156869567544/locations/global/certificates/cloud-lab-cert"
            ],
            "create_time": "2026-09-15T01:50:03.734252017Z",
            "deletion_policy": "DELETE",
            "description": "",
            "effective_labels": {
              "goog-terraform-provisioned": "true"
            },
            "hostname": "prototype.answer-x.ai",
            "id": "projects/proud-armor-508215-q4/locations/global/certificateMaps/cloud-lab-cert-map/certificateMapEntries/cloud-lab-cert-entry",
            "labels": {},
            "map": "cloud-lab-cert-map",
            "matcher": "",
            "name": "cloud-lab-cert-entry",
            "project": "proud-armor-508215-q4",
            "state": "ACTIVE",
            "terraform_labels": {
              "goog-terraform-provisioned": "true"
            },
            "timeouts": null,
            "update_time": "2026-09-15T01:50:06.009397309Z"
          },
          "sensitive_attributes": [],
          "identity_schema_version": 1,
          "identity": {
            "map": "cloud-lab-cert-map",
            "name": "cloud-lab-cert-entry",
            "project": "proud-armor-508215-q4"
          },
          "private": "eyJlMmJmYjczMC1lY2FhLTExZTYtOGY4OC0zNDM2M2JjN2M0YzAiOnsiY3JlYXRlIjoxMjAwMDAwMDAwMDAwLCJkZWxldGUiOjEyMDAwMDAwMDAwMDAsInVwZGF0ZSI6MTIwMDAwMDAwMDAwMH19",
          "dependencies": [
            "google_certificate_manager_certificate.cloud_lab_cert",
            "google_certificate_manager_certificate_map.cloud_lab_cert_map",
            "google_certificate_manager_dns_authorization.domain_auth"
          ]
        }
      ]
    },
    {
      "mode": "managed",
      "type": "google_certificate_manager_dns_authorization",
      "name": "domain_auth",
      "provider": "provider[\"registry.terraform.io/hashicorp/google\"]",
      "instances": [
        {
          "schema_version": 1,
          "attributes": {
            "deletion_policy": "DELETE",
            "description": "",
            "dns_resource_record": [
              {
                "data": "22bfc6ff-e692-485a-ae78-f39c4e72593f.8.authorize.certificatemanager.goog.",
                "name": "_acme-challenge.prototype.answer-x.ai.",
                "type": "CNAME"
              }
            ],
            "domain": "prototype.answer-x.ai",
            "effective_labels": {
              "goog-terraform-provisioned": "true"
            },
            "id": "projects/proud-armor-508215-q4/locations/global/dnsAuthorizations/cloud-lab-domain-auth",
            "labels": {},
            "location": "global",
            "name": "cloud-lab-domain-auth",
            "project": "proud-armor-508215-q4",
            "terraform_labels": {
              "goog-terraform-provisioned": "true"
            },
            "timeouts": null,
            "type": "FIXED_RECORD"
          },
          "sensitive_attributes": [],
          "identity_schema_version": 1,
          "identity": {
            "location": "global",
            "name": "cloud-lab-domain-auth",
            "project": "proud-armor-508215-q4"
          },
          "private": "eyJlMmJmYjczMC1lY2FhLTExZTYtOGY4OC0zNDM2M2JjN2M0YzAiOnsiY3JlYXRlIjoxMjAwMDAwMDAwMDAwLCJkZWxldGUiOjEyMDAwMDAwMDAwMDAsInVwZGF0ZSI6MTIwMDAwMDAwMDAwMH0sInNjaGVtYV92ZXJzaW9uIjoiMSJ9"
        }
      ]
    },
    {
      "mode": "managed",
      "type": "google_compute_backend_service",
      "name": "cloud_run_backend",
      "provider": "provider[\"registry.terraform.io/hashicorp/google\"]",
      "instances": [
        {
          "schema_version": 1,
          "attributes": {
            "affinity_cookie_ttl_sec": 0,
            "backend": [
              {
                "balancing_mode": "UTILIZATION",
                "capacity_scaler": 1,
                "custom_metrics": [],
                "description": "",
                "group": "https://www.googleapis.com/compute/v1/projects/proud-armor-508215-q4/regions/northamerica-northeast2/networkEndpointGroups/cloud-lab-neg",
                "max_connections": 0,
                "max_connections_per_endpoint": 0,
                "max_connections_per_instance": 0,
                "max_rate": 0,
                "max_rate_per_endpoint": 0,
                "max_rate_per_instance": 0,
                "max_utilization": 0,
                "preference": ""
              }
            ],
            "cdn_policy": [],
            "circuit_breakers": [],
            "compression_mode": "",
            "connection_draining_timeout_sec": 300,
            "consistent_hash": [],
            "creation_timestamp": "2026-09-14T18:17:01.146-07:00",
            "custom_metrics": [],
            "custom_request_headers": [],
            "custom_response_headers": [],
            "deletion_policy": "DELETE",
            "description": "",
            "edge_security_policy": "",
            "enable_cdn": false,
            "external_managed_migration_state": "",
            "external_managed_migration_testing_percentage": 0,
            "fingerprint": "HzGuWnyvrg4=",
            "generated_id": 2503492489458295394,
            "health_checks": [],
            "iap": [],
            "id": "projects/proud-armor-508215-q4/global/backendServices/cloud-lab-backend",
            "ip_address_selection_policy": "",
            "load_balancing_scheme": "EXTERNAL_MANAGED",
            "locality_lb_policies": [],
            "locality_lb_policy": "",
            "log_config": [],
            "max_stream_duration": [],
            "name": "cloud-lab-backend",
            "outlier_detection": [],
            "params": [],
            "port_name": "http",
            "project": "proud-armor-508215-q4",
            "protocol": "HTTP",
            "security_policy": "",
            "security_settings": [],
            "self_link": "https://www.googleapis.com/compute/v1/projects/proud-armor-508215-q4/global/backendServices/cloud-lab-backend",
            "service_lb_policy": "",
            "session_affinity": "NONE",
            "strong_session_affinity_cookie": [],
            "timeout_sec": 30,
            "timeouts": null,
            "tls_settings": []
          },
          "sensitive_attributes": [],
          "identity_schema_version": 1,
          "identity": {
            "name": "cloud-lab-backend",
            "project": "proud-armor-508215-q4"
          },
          "private": "eyJlMmJmYjczMC1lY2FhLTExZTYtOGY4OC0zNDM2M2JjN2M0YzAiOnsiY3JlYXRlIjoxMjAwMDAwMDAwMDAwLCJkZWxldGUiOjEyMDAwMDAwMDAwMDAsInVwZGF0ZSI6MTIwMDAwMDAwMDAwMH0sInNjaGVtYV92ZXJzaW9uIjoiMSJ9",
          "dependencies": [
            "google_compute_region_network_endpoint_group.cloud_run_neg"
          ]
        }
      ]
    },
    {
      "mode": "managed",
      "type": "google_compute_global_address",
      "name": "cloud_lab_ip",
      "provider": "provider[\"registry.terraform.io/hashicorp/google\"]",
      "instances": [
        {
          "schema_version": 0,
          "attributes": {
            "address": "136.68.7.20",
            "address_type": "EXTERNAL",
            "creation_timestamp": "2026-09-14T08:28:24.893-07:00",
            "deletion_policy": "DELETE",
            "description": "",
            "effective_labels": {
              "goog-terraform-provisioned": "true"
            },
            "id": "projects/proud-armor-508215-q4/global/addresses/cloud-lab-ip",
            "ip_version": "",
            "label_fingerprint": "vezUS-42LLM=",
            "labels": {},
            "name": "cloud-lab-ip",
            "network": "",
            "prefix_length": 0,
            "project": "proud-armor-508215-q4",
            "purpose": "",
            "self_link": "https://www.googleapis.com/compute/v1/projects/proud-armor-508215-q4/global/addresses/cloud-lab-ip",
            "terraform_labels": {
              "goog-terraform-provisioned": "true"
            },
            "timeouts": null
          },
          "sensitive_attributes": [],
          "identity_schema_version": 1,
          "identity": {
            "name": "cloud-lab-ip",
            "project": "proud-armor-508215-q4"
          },
          "private": "eyJlMmJmYjczMC1lY2FhLTExZTYtOGY4OC0zNDM2M2JjN2M0YzAiOnsiY3JlYXRlIjoxMjAwMDAwMDAwMDAwLCJkZWxldGUiOjEyMDAwMDAwMDAwMDAsInVwZGF0ZSI6MTIwMDAwMDAwMDAwMH19"
        }
      ]
    },
    {
      "mode": "managed",
      "type": "google_compute_global_forwarding_rule",
      "name": "cloud_lab_http",
      "provider": "provider[\"registry.terraform.io/hashicorp/google\"]",
      "instances": [
        {
          "schema_version": 0,
          "attributes": {
            "base_forwarding_rule": "",
            "deletion_policy": "DELETE",
            "description": "",
            "effective_labels": {},
            "external_managed_backend_bucket_migration_state": "",
            "external_managed_backend_bucket_migration_testing_percentage": 0,
            "forwarding_rule_id": 8490762619039588895,
            "id": "projects/proud-armor-508215-q4/global/forwardingRules/cloud-lab-http-fr",
            "ip_address": "136.68.7.20",
            "ip_protocol": "TCP",
            "ip_version": "",
            "label_fingerprint": "42WmSpB8rSM=",
            "labels": {},
            "load_balancing_scheme": "EXTERNAL_MANAGED",
            "metadata_filters": [],
            "name": "cloud-lab-http-fr",
            "network": "",
            "network_tier": "PREMIUM",
            "no_automate_dns_zone": null,
            "port_range": "80-80",
            "project": "proud-armor-508215-q4",
            "psc_connection_id": "",
            "psc_connection_status": "",
            "self_link": "https://www.googleapis.com/compute/v1/projects/proud-armor-508215-q4/global/forwardingRules/cloud-lab-http-fr",
            "service_directory_registrations": [],
            "source_ip_ranges": [],
            "subnetwork": "",
            "target": "https://www.googleapis.com/compute/v1/projects/proud-armor-508215-q4/global/targetHttpProxies/cloud-lab-http-proxy",
            "terraform_labels": {},
            "timeouts": null
          },
          "sensitive_attributes": [],
          "identity_schema_version": 1,
          "identity": {
            "name": "cloud-lab-http-fr",
            "project": "proud-armor-508215-q4"
          },
          "private": "eyJlMmJmYjczMC1lY2FhLTExZTYtOGY4OC0zNDM2M2JjN2M0YzAiOnsiY3JlYXRlIjoxMjAwMDAwMDAwMDAwLCJkZWxldGUiOjEyMDAwMDAwMDAwMDAsInVwZGF0ZSI6MTIwMDAwMDAwMDAwMH19",
          "dependencies": [
            "google_compute_backend_service.cloud_run_backend",
            "google_compute_global_address.cloud_lab_ip",
            "google_compute_region_network_endpoint_group.cloud_run_neg",
            "google_compute_target_http_proxy.cloud_lab_http_proxy",
            "google_compute_url_map.cloud_lab_url_map"
          ]
        }
      ]
    },
    {
      "mode": "managed",
      "type": "google_compute_global_forwarding_rule",
      "name": "cloud_lab_https",
      "provider": "provider[\"registry.terraform.io/hashicorp/google\"]",
      "instances": [
        {
          "schema_version": 0,
          "attributes": {
            "base_forwarding_rule": "",
            "deletion_policy": "DELETE",
            "description": "",
            "effective_labels": {},
            "external_managed_backend_bucket_migration_state": "",
            "external_managed_backend_bucket_migration_testing_percentage": 0,
            "forwarding_rule_id": 5332506500084865939,
            "id": "projects/proud-armor-508215-q4/global/forwardingRules/cloud-lab-https-fr",
            "ip_address": "136.68.7.20",
            "ip_protocol": "TCP",
            "ip_version": "",
            "label_fingerprint": "42WmSpB8rSM=",
            "labels": null,
            "load_balancing_scheme": "EXTERNAL_MANAGED",
            "metadata_filters": [],
            "name": "cloud-lab-https-fr",
            "network": "",
            "network_tier": "PREMIUM",
            "no_automate_dns_zone": null,
            "port_range": "443-443",
            "project": "proud-armor-508215-q4",
            "psc_connection_id": "",
            "psc_connection_status": "",
            "self_link": "https://www.googleapis.com/compute/v1/projects/proud-armor-508215-q4/global/forwardingRules/cloud-lab-https-fr",
            "service_directory_registrations": [],
            "source_ip_ranges": null,
            "subnetwork": "",
            "target": "https://www.googleapis.com/compute/v1/projects/proud-armor-508215-q4/global/targetHttpsProxies/cloud-lab-https-proxy",
            "terraform_labels": {},
            "timeouts": null
          },
          "sensitive_attributes": [],
          "identity_schema_version": 1,
          "identity": {
            "name": "cloud-lab-https-fr",
            "project": "proud-armor-508215-q4"
          },
          "private": "eyJlMmJmYjczMC1lY2FhLTExZTYtOGY4OC0zNDM2M2JjN2M0YzAiOnsiY3JlYXRlIjoxMjAwMDAwMDAwMDAwLCJkZWxldGUiOjEyMDAwMDAwMDAwMDAsInVwZGF0ZSI6MTIwMDAwMDAwMDAwMH19",
          "dependencies": [
            "google_certificate_manager_certificate_map.cloud_lab_cert_map",
            "google_compute_backend_service.cloud_run_backend",
            "google_compute_global_address.cloud_lab_ip",
            "google_compute_region_network_endpoint_group.cloud_run_neg",
            "google_compute_target_https_proxy.cloud_lab_https_proxy",
            "google_compute_url_map.cloud_lab_url_map"
          ]
        }
      ]
    },
    {
      "mode": "managed",
      "type": "google_compute_region_network_endpoint_group",
      "name": "cloud_run_neg",
      "provider": "provider[\"registry.terraform.io/hashicorp/google\"]",
      "instances": [
        {
          "schema_version": 0,
          "attributes": {
            "app_engine": [],
            "cloud_function": [],
            "cloud_run": [
              {
                "service": "cloud-lab",
                "tag": "",
                "url_mask": ""
              }
            ],
            "deletion_policy": "DELETE",
            "description": "",
            "id": "projects/proud-armor-508215-q4/regions/northamerica-northeast2/networkEndpointGroups/cloud-lab-neg",
            "name": "cloud-lab-neg",
            "network": "",
            "network_endpoint_type": "SERVERLESS",
            "project": "proud-armor-508215-q4",
            "psc_data": [],
            "psc_target_service": "",
            "region": "https://www.googleapis.com/compute/v1/projects/proud-armor-508215-q4/regions/northamerica-northeast2",
            "self_link": "https://www.googleapis.com/compute/v1/projects/proud-armor-508215-q4/regions/northamerica-northeast2/networkEndpointGroups/cloud-lab-neg",
            "subnetwork": "",
            "timeouts": null
          },
          "sensitive_attributes": [],
          "identity_schema_version": 1,
          "identity": {
            "name": "cloud-lab-neg",
            "project": "proud-armor-508215-q4",
            "region": "northamerica-northeast2"
          },
          "private": "eyJlMmJmYjczMC1lY2FhLTExZTYtOGY4OC0zNDM2M2JjN2M0YzAiOnsiY3JlYXRlIjoxMjAwMDAwMDAwMDAwLCJkZWxldGUiOjEyMDAwMDAwMDAwMDB9fQ=="
        }
      ]
    },
    {
      "mode": "managed",
      "type": "google_compute_target_http_proxy",
      "name": "cloud_lab_http_proxy",
      "provider": "provider[\"registry.terraform.io/hashicorp/google\"]",
      "instances": [
        {
          "schema_version": 0,
          "attributes": {
            "creation_timestamp": "2026-09-14T18:18:28.175-07:00",
            "deletion_policy": "DELETE",
            "description": "",
            "fingerprint": "WUo87va7eRQ=",
            "http_keep_alive_timeout_sec": 0,
            "id": "projects/proud-armor-508215-q4/global/targetHttpProxies/cloud-lab-http-proxy",
            "name": "cloud-lab-http-proxy",
            "project": "proud-armor-508215-q4",
            "proxy_bind": false,
            "proxy_id": 4152766128760103435,
            "self_link": "https://www.googleapis.com/compute/v1/projects/proud-armor-508215-q4/global/targetHttpProxies/cloud-lab-http-proxy",
            "timeouts": null,
            "url_map": "https://www.googleapis.com/compute/v1/projects/proud-armor-508215-q4/global/urlMaps/cloud-lab-url-map"
          },
          "sensitive_attributes": [],
          "identity_schema_version": 1,
          "identity": {
            "name": "cloud-lab-http-proxy",
            "project": "proud-armor-508215-q4"
          },
          "private": "eyJlMmJmYjczMC1lY2FhLTExZTYtOGY4OC0zNDM2M2JjN2M0YzAiOnsiY3JlYXRlIjoxMjAwMDAwMDAwMDAwLCJkZWxldGUiOjEyMDAwMDAwMDAwMDAsInVwZGF0ZSI6MTIwMDAwMDAwMDAwMH19",
          "dependencies": [
            "google_compute_backend_service.cloud_run_backend",
            "google_compute_region_network_endpoint_group.cloud_run_neg",
            "google_compute_url_map.cloud_lab_url_map"
          ]
        }
      ]
    },
    {
      "mode": "managed",
      "type": "google_compute_target_https_proxy",
      "name": "cloud_lab_https_proxy",
      "provider": "provider[\"registry.terraform.io/hashicorp/google\"]",
      "instances": [
        {
          "schema_version": 0,
          "attributes": {
            "certificate_manager_certificates": null,
            "certificate_map": "//certificatemanager.googleapis.com/projects/proud-armor-508215-q4/locations/global/certificateMaps/cloud-lab-cert-map",
            "creation_timestamp": "2026-09-14T18:54:57.046-07:00",
            "deletion_policy": "DELETE",
            "description": "",
            "fingerprint": "GHUE5NcB7bg=",
            "http_keep_alive_timeout_sec": 0,
            "id": "projects/proud-armor-508215-q4/global/targetHttpsProxies/cloud-lab-https-proxy",
            "name": "cloud-lab-https-proxy",
            "project": "proud-armor-508215-q4",
            "proxy_bind": false,
            "proxy_id": 7991964423160142750,
            "quic_override": "NONE",
            "self_link": "https://www.googleapis.com/compute/v1/projects/proud-armor-508215-q4/global/targetHttpsProxies/cloud-lab-https-proxy",
            "server_tls_policy": "",
            "ssl_certificates": null,
            "ssl_policy": "",
            "timeouts": null,
            "tls_early_data": "DISABLED",
            "url_map": "https://www.googleapis.com/compute/v1/projects/proud-armor-508215-q4/global/urlMaps/cloud-lab-url-map"
          },
          "sensitive_attributes": [],
          "identity_schema_version": 1,
          "identity": {
            "name": "cloud-lab-https-proxy",
            "project": "proud-armor-508215-q4"
          },
          "private": "eyJlMmJmYjczMC1lY2FhLTExZTYtOGY4OC0zNDM2M2JjN2M0YzAiOnsiY3JlYXRlIjoxMjAwMDAwMDAwMDAwLCJkZWxldGUiOjEyMDAwMDAwMDAwMDAsInVwZGF0ZSI6MTIwMDAwMDAwMDAwMH19",
          "dependencies": [
            "google_certificate_manager_certificate_map.cloud_lab_cert_map",
            "google_compute_backend_service.cloud_run_backend",
            "google_compute_region_network_endpoint_group.cloud_run_neg",
            "google_compute_url_map.cloud_lab_url_map"
          ]
        }
      ]
    },
    {
      "mode": "managed",
      "type": "google_compute_url_map",
      "name": "cloud_lab_url_map",
      "provider": "provider[\"registry.terraform.io/hashicorp/google\"]",
      "instances": [
        {
          "schema_version": 0,
          "attributes": {
            "creation_timestamp": "2026-09-14T18:18:16.654-07:00",
            "default_custom_error_response_policy": [],
            "default_route_action": [],
            "default_service": "https://www.googleapis.com/compute/v1/projects/proud-armor-508215-q4/global/backendServices/cloud-lab-backend",
            "default_url_redirect": [],
            "deletion_policy": "DELETE",
            "description": "",
            "fingerprint": "8-TcjSDJbGo=",
            "header_action": [],
            "host_rule": [],
            "id": "projects/proud-armor-508215-q4/global/urlMaps/cloud-lab-url-map",
            "map_id": 1132444374870073912,
            "name": "cloud-lab-url-map",
            "path_matcher": [],
            "project": "proud-armor-508215-q4",
            "self_link": "https://www.googleapis.com/compute/v1/projects/proud-armor-508215-q4/global/urlMaps/cloud-lab-url-map",
            "test": [],
            "timeouts": null
          },
          "sensitive_attributes": [],
          "identity_schema_version": 1,
          "identity": {
            "name": "cloud-lab-url-map",
            "project": "proud-armor-508215-q4"
          },
          "private": "eyJlMmJmYjczMC1lY2FhLTExZTYtOGY4OC0zNDM2M2JjN2M0YzAiOnsiY3JlYXRlIjoxMjAwMDAwMDAwMDAwLCJkZWxldGUiOjEyMDAwMDAwMDAwMDAsInVwZGF0ZSI6MTIwMDAwMDAwMDAwMH19",
          "dependencies": [
            "google_compute_backend_service.cloud_run_backend",
            "google_compute_region_network_endpoint_group.cloud_run_neg"
          ]
        }
      ]
    }
  ],
  "check_results": null
}
